
Microsoft Visual Studio Solution File, Format Version 12.00
# Visual Studio Version 17
VisualStudioVersion = 17.14.36212.18 d17.14
MinimumVisualStudioVersion = 10.0.40219.1
Project("{FAE04EC0-301F-11D3-BF4B-00C04F79EFBC}") = "Demo", "Demo\Demo.csproj", "{9C6D0140-9E58-4BCE-910A-0DE452FB62E1}"
EndProject
Global
	GlobalSection(SolutionConfigurationPlatforms) = preSolution
		Debug|Any CPU = Debug|Any CPU
		Release|Any CPU = Release|Any CPU
	EndGlobalSection
	GlobalSection(ProjectConfigurationPlatforms) = postSolution
		{9C6D0140-9E58-4BCE-910A-0DE452FB62E1}.Debug|Any CPU.ActiveCfg = Debug|Any CPU
		{9C6D0140-9E58-4BCE-910A-0DE452FB62E1}.Debug|Any CPU.Build.0 = Debug|Any CPU
		{9C6D0140-9E58-4BCE-910A-0DE452FB62E1}.Release|Any CPU.ActiveCfg = Release|Any CPU
		{9C6D0140-9E58-4BCE-910A-0DE452FB62E1}.Release|Any CPU.Build.0 = Release|Any CPU
	EndGlobalSection
	GlobalSection(SolutionProperties) = preSolution
		HideSolutionNode = FALSE
	EndGlobalSection
	GlobalSection(ExtensibilityGlobals) = postSolution
		SolutionGuid = {C5B7D5BB-C158-43BA-83B0-0ED60708FBF8}
	EndGlobalSection
EndGlobal
